
Microsoft Visual Studio Solution File, Format Version 12.00
# Visual Studio Version 17
VisualStudioVersion = 17.5.002.0
MinimumVisualStudioVersion = 10.0.40219.1
Project("{9A19103F-16F7-4668-BE54-9A1E7A4F7556}") = "Eligibility-for-Engineering-Admission", "Eligibility-for-Engineering-Admission.csproj", "{4D7A041A-0471-4530-AF43-FE83A952AB5B}"
EndProject
Global
	GlobalSection(SolutionConfigurationPlatforms) = preSolution
		Debug|Any CPU = Debug|Any CPU
		Release|Any CPU = Release|Any CPU
	EndGlobalSection
	GlobalSection(ProjectConfigurationPlatforms) = postSolution
		{4D7A041A-0471-4530-AF43-FE83A952AB5B}.Debug|Any CPU.ActiveCfg = Debug|Any CPU
		{4D7A041A-0471-4530-AF43-FE83A952AB5B}.Debug|Any CPU.Build.0 = Debug|Any CPU
		{4D7A041A-0471-4530-AF43-FE83A952AB5B}.Release|Any CPU.ActiveCfg = Release|Any CPU
		{4D7A041A-0471-4530-AF43-FE83A952AB5B}.Release|Any CPU.Build.0 = Release|Any CPU
	EndGlobalSection
	GlobalSection(SolutionProperties) = preSolution
		HideSolutionNode = FALSE
	EndGlobalSection
	GlobalSection(ExtensibilityGlobals) = postSolution
		SolutionGuid = {989CE34E-0476-4567-88B6-C1CD3521FE6B}
	EndGlobalSection
EndGlobal
